
Microsoft Visual Studio Solution File, Format Version 12.00
# Visual Studio Version 17
VisualStudioVersion = 17.2.32526.322
MinimumVisualStudioVersion = 10.0.40219.1
Project("{9A19103F-16F7-4668-BE54-9A1E7A4F7556}") = "MagazynyCw5", "MagazynyCw5.csproj", "{2BB59958-6C14-4641-9665-FD3707EB7997}"
EndProject
Global
	GlobalSection(SolutionConfigurationPlatforms) = preSolution
		Debug|Any CPU = Debug|Any CPU
		Release|Any CPU = Release|Any CPU
	EndGlobalSection
	GlobalSection(ProjectConfigurationPlatforms) = postSolution
		{2BB59958-6C14-4641-9665-FD3707EB7997}.Debug|Any CPU.ActiveCfg = Debug|Any CPU
		{2BB59958-6C14-4641-9665-FD3707EB7997}.Debug|Any CPU.Build.0 = Debug|Any CPU
		{2BB59958-6C14-4641-9665-FD3707EB7997}.Release|Any CPU.ActiveCfg = Release|Any CPU
		{2BB59958-6C14-4641-9665-FD3707EB7997}.Release|Any CPU.Build.0 = Release|Any CPU
	EndGlobalSection
	GlobalSection(SolutionProperties) = preSolution
		HideSolutionNode = FALSE
	EndGlobalSection
	GlobalSection(ExtensibilityGlobals) = postSolution
		SolutionGuid = {5244FC20-8ECE-4949-9E6D-BDBC19B6A63B}
	EndGlobalSection
EndGlobal
